
Microsoft Visual Studio Solution File, Format Version 12.00
# Visual Studio 14
VisualStudioVersion = 14.0.24720.0
MinimumVisualStudioVersion = 10.0.40219.1
Project("{FAE04EC0-301F-11D3-BF4B-00C04F79EFBC}") = "OBETest", "OBETest\OBETest.csproj", "{036345F6-FFC3-4AA0-93F4-419AE216CA21}"
EndProject
Project("{FAE04EC0-301F-11D3-BF4B-00C04F79EFBC}") = "OBETest.Tests", "OBETest.Tests\OBETest.Tests.csproj", "{21D970A1-99C2-4C37-9F08-14F31943FBCC}"
EndProject
Global
	GlobalSection(SolutionConfigurationPlatforms) = preSolution
		Debug|Any CPU = Debug|Any CPU
		Release|Any CPU = Release|Any CPU
	EndGlobalSection
	GlobalSection(ProjectConfigurationPlatforms) = postSolution
		{036345F6-FFC3-4AA0-93F4-419AE216CA21}.Debug|Any CPU.ActiveCfg = Debug|Any CPU
		{036345F6-FFC3-4AA0-93F4-419AE216CA21}.Debug|Any CPU.Build.0 = Debug|Any CPU
		{036345F6-FFC3-4AA0-93F4-419AE216CA21}.Release|Any CPU.ActiveCfg = Release|Any CPU
		{036345F6-FFC3-4AA0-93F4-419AE216CA21}.Release|Any CPU.Build.0 = Release|Any CPU
		{21D970A1-99C2-4C37-9F08-14F31943FBCC}.Debug|Any CPU.ActiveCfg = Debug|Any CPU
		{21D970A1-99C2-4C37-9F08-14F31943FBCC}.Debug|Any CPU.Build.0 = Debug|Any CPU
		{21D970A1-99C2-4C37-9F08-14F31943FBCC}.Release|Any CPU.ActiveCfg = Release|Any CPU
		{21D970A1-99C2-4C37-9F08-14F31943FBCC}.Release|Any CPU.Build.0 = Release|Any CPU
	EndGlobalSection
	GlobalSection(SolutionProperties) = preSolution
		HideSolutionNode = FALSE
	EndGlobalSection
EndGlobal
